
Microsoft Visual Studio Solution File, Format Version 12.00
# Visual Studio Version 16
VisualStudioVersion = 16.0.31005.135
MinimumVisualStudioVersion = 10.0.40219.1
Project("{FAE04EC0-301F-11D3-BF4B-00C04F79EFBC}") = "Entities", "Entities\Entities.csproj", "{81B1C5EA-B963-48BC-AC52-53A143E9F5C8}"
EndProject
Project("{FAE04EC0-301F-11D3-BF4B-00C04F79EFBC}") = "DataAccess", "DataAccess\DataAccess.csproj", "{FBD3319F-F775-4A85-83E3-B197A38BBD0F}"
EndProject
Project("{FAE04EC0-301F-11D3-BF4B-00C04F79EFBC}") = "Business", "Business\Business.csproj", "{114210A7-7D36-48C2-B453-A5BD2F133D33}"
EndProject
Project("{FAE04EC0-301F-11D3-BF4B-00C04F79EFBC}") = "ConsoleUI", "ConsoleUI\ConsoleUI.csproj", "{777F44AD-DBFD-4E97-9EFF-438080AE4705}"
EndProject
Project("{FAE04EC0-301F-11D3-BF4B-00C04F79EFBC}") = "Core", "Core\Core.csproj", "{A95614F0-2C98-40F1-8723-47DCAA9EA908}"
EndProject
Project("{FAE04EC0-301F-11D3-BF4B-00C04F79EFBC}") = "WebAPI", "WebAPI\WebAPI.csproj", "{F40A7462-E7C0-479A-A414-BC118804F508}"
EndProject
Global
	GlobalSection(SolutionConfigurationPlatforms) = preSolution
		Debug|Any CPU = Debug|Any CPU
		Release|Any CPU = Release|Any CPU
	EndGlobalSection
	GlobalSection(ProjectConfigurationPlatforms) = postSolution
		{81B1C5EA-B963-48BC-AC52-53A143E9F5C8}.Debug|Any CPU.ActiveCfg = Debug|Any CPU
		{81B1C5EA-B963-48BC-AC52-53A143E9F5C8}.Debug|Any CPU.Build.0 = Debug|Any CPU
		{81B1C5EA-B963-48BC-AC52-53A143E9F5C8}.Release|Any CPU.ActiveCfg = Release|Any CPU
		{81B1C5EA-B963-48BC-AC52-53A143E9F5C8}.Release|Any CPU.Build.0 = Release|Any CPU
		{FBD3319F-F775-4A85-83E3-B197A38BBD0F}.Debug|Any CPU.ActiveCfg = Debug|Any CPU
		{FBD3319F-F775-4A85-83E3-B197A38BBD0F}.Debug|Any CPU.Build.0 = Debug|Any CPU
		{FBD3319F-F775-4A85-83E3-B197A38BBD0F}.Release|Any CPU.ActiveCfg = Release|Any CPU
		{FBD3319F-F775-4A85-83E3-B197A38BBD0F}.Release|Any CPU.Build.0 = Release|Any CPU
		{114210A7-7D36-48C2-B453-A5BD2F133D33}.Debug|Any CPU.ActiveCfg = Debug|Any CPU
		{114210A7-7D36-48C2-B453-A5BD2F133D33}.Debug|Any CPU.Build.0 = Debug|Any CPU
		{114210A7-7D36-48C2-B453-A5BD2F133D33}.Release|Any CPU.ActiveCfg = Release|Any CPU
		{114210A7-7D36-48C2-B453-A5BD2F133D33}.Release|Any CPU.Build.0 = Release|Any CPU
		{777F44AD-DBFD-4E97-9EFF-438080AE4705}.Debug|Any CPU.ActiveCfg = Debug|Any CPU
		{777F44AD-DBFD-4E97-9EFF-438080AE4705}.Debug|Any CPU.Build.0 = Debug|Any CPU
		{777F44AD-DBFD-4E97-9EFF-438080AE4705}.Release|Any CPU.ActiveCfg = Release|Any CPU
		{777F44AD-DBFD-4E97-9EFF-438080AE4705}.Release|Any CPU.Build.0 = Release|Any CPU
		{A95614F0-2C98-40F1-8723-47DCAA9EA908}.Debug|Any CPU.ActiveCfg = Debug|Any CPU
		{A95614F0-2C98-40F1-8723-47DCAA9EA908}.Debug|Any CPU.Build.0 = Debug|Any CPU
		{A95614F0-2C98-40F1-8723-47DCAA9EA908}.Release|Any CPU.ActiveCfg = Release|Any CPU
		{A95614F0-2C98-40F1-8723-47DCAA9EA908}.Release|Any CPU.Build.0 = Release|Any CPU
		{F40A7462-E7C0-479A-A414-BC118804F508}.Debug|Any CPU.ActiveCfg = Debug|Any CPU
		{F40A7462-E7C0-479A-A414-BC118804F508}.Debug|Any CPU.Build.0 = Debug|Any CPU
		{F40A7462-E7C0-479A-A414-BC118804F508}.Release|Any CPU.ActiveCfg = Release|Any CPU
		{F40A7462-E7C0-479A-A414-BC118804F508}.Release|Any CPU.Build.0 = Release|Any CPU
	EndGlobalSection
	GlobalSection(SolutionProperties) = preSolution
		HideSolutionNode = FALSE
	EndGlobalSection
	GlobalSection(ExtensibilityGlobals) = postSolution
		SolutionGuid = {AC8DF057-6ADE-4BD6-A3F4-AF55034115EB}
	EndGlobalSection
EndGlobal
